// !$*UTF8*$!
{
	archiveVersion = 1;
	classes = {
	};
	objectVersion = 56;
	objects = {

/* Begin PBXBuildFile section */
		XB0XBSW00000000000000000 /* XboxApp.swift in Sources */ = {isa = PBXBuildFile; fileRef = XB0XFSW00000000000000000; };
		XB0XBAS00000000000000000 /* Assets.xcassets in Resources */ = {isa = PBXBuildFile; fileRef = XB0XFAS00000000000000000; };
/* End PBXBuildFile section */

/* Begin PBXFileReference section */
		XB0XPROD0000000000000000 /* XboxPWA.app */ = {isa = PBXFileReference; explicitFileType = wrapper.application; includeInIndex = 0; path = XboxPWA.app; sourceTree = BUILT_PRODUCTS_DIR; };
		XB0XFSW00000000000000000 = {isa = PBXFileReference; lastKnownFileType = sourcecode.swift; path = XboxApp.swift; sourceTree = "<group>"; };
		XB0XFAS00000000000000000 = {isa = PBXFileReference; lastKnownFileType = folder.assetcatalog; path = Assets.xcassets; sourceTree = "<group>"; };
		XB0XFPL00000000000000000 = {isa = PBXFileReference; lastKnownFileType = text.plist.xml; path = Info.plist; sourceTree = "<group>"; };
/* End PBXFileReference section */

/* Begin PBXGroup section */
		XB0XGROOT000000000000000 = {
			isa = PBXGroup;
			children = (
				XB0XFSW00000000000000000,
				XB0XFAS00000000000000000,
				XB0XFPL00000000000000000,
				XB0XGPROD000000000000000,
			);
			sourceTree = "<group>";
		};
		XB0XGPROD000000000000000 /* Products */ = {
			isa = PBXGroup;
			children = (
				XB0XPROD0000000000000000,
			);
			name = Products;
			sourceTree = "<group>";
		};
/* End PBXGroup section */

/* Begin PBXNativeTarget section */
		XB0XTGT00000000000000000 /* XboxPWA */ = {
			isa = PBXNativeTarget;
			buildConfigurationList = XB0XCLT00000000000000000;
			buildPhases = (
				XB0XBPSRC000000000000000,
				XB0XBPRES000000000000000,
			);
			buildRules = (
			);
			dependencies = (
			);
			name = XboxPWA;
			productName = XboxPWA;
			productReference = XB0XPROD0000000000000000;
			productType = "com.apple.product-type.application";
		};
/* End PBXNativeTarget section */

/* Begin PBXProject section */
		XB0XPROJ0000000000000000 /* Project object */ = {
			isa = PBXProject;
			attributes = {
				BuildIndependentTargetsInParallel = 1;
				LastSwiftUpdateCheck = 1500;
				LastUpgradeCheck = 1500;
			};
			buildConfigurationList = XB0XCLP00000000000000000;
			compatibilityVersion = "Xcode 14.0";
			developmentRegion = en;
			hasScannedForEncodings = 0;
			knownRegions = (
				en,
				Base,
			);
			mainGroup = XB0XGROOT000000000000000;
			productRefGroup = XB0XGPROD000000000000000;
			projectDirPath = "";
			projectRoot = "";
			targets = (
				XB0XTGT00000000000000000,
			);
		};
/* End PBXProject section */

/* Begin PBXResourcesBuildPhase section */
		XB0XBPRES000000000000000 = {
			isa = PBXResourcesBuildPhase;
			buildActionMask = 2147483647;
			files = (
				XB0XBAS00000000000000000,
			);
			runOnlyForDeploymentPostprocessing = 0;
		};
/* End PBXResourcesBuildPhase section */

/* Begin PBXSourcesBuildPhase section */
		XB0XBPSRC000000000000000 = {
			isa = PBXSourcesBuildPhase;
			buildActionMask = 2147483647;
			files = (
				XB0XBSW00000000000000000,
			);
			runOnlyForDeploymentPostprocessing = 0;
		};
/* End PBXSourcesBuildPhase section */

/* Begin XCBuildConfiguration section */
		XB0XCPD00000000000000000 /* Debug */ = {
			isa = XCBuildConfiguration;
			buildSettings = {
				SWIFT_OPTIMIZATION_LEVEL = "-Onone";
			};
			name = Debug;
		};
		XB0XCPR00000000000000000 /* Release */ = {
			isa = XCBuildConfiguration;
			buildSettings = {
			};
			name = Release;
		};
		XB0XCTD00000000000000000 /* Debug */ = {
			isa = XCBuildConfiguration;
			buildSettings = {
				CODE_SIGN_STYLE = Automatic;
				DEVELOPMENT_TEAM = SWNKL88JRT;
				GENERATE_INFOPLIST_FILE = YES;
				INFOPLIST_FILE = Info.plist;
				ASSETCATALOG_COMPILER_APPICON_NAME = AppIcon;
				INFOPLIST_KEY_CFBundleDisplayName = "Xbox";
				INFOPLIST_KEY_GCSupportsControllerUserInteraction = NO;
				INFOPLIST_KEY_UIApplicationSceneManifest_Generation = YES;
				PRODUCT_BUNDLE_IDENTIFIER = "quetzalcoatl432.dev.klepton.target.xbox";
				PRODUCT_NAME = XboxPWA;
				SDKROOT = xros;
				SUPPORTED_PLATFORMS = "xros xrsimulator";
				ALWAYS_SEARCH_USER_PATHS = NO;
				SWIFT_VERSION = 5.0;
				TARGETED_DEVICE_FAMILY = 7;
				XROS_DEPLOYMENT_TARGET = 2.0;
			};
			name = Debug;
		};
		XB0XCTR00000000000000000 /* Release */ = {
			isa = XCBuildConfiguration;
			buildSettings = {
				CODE_SIGN_STYLE = Automatic;
				DEVELOPMENT_TEAM = SWNKL88JRT;
				GENERATE_INFOPLIST_FILE = YES;
				INFOPLIST_FILE = Info.plist;
				ASSETCATALOG_COMPILER_APPICON_NAME = AppIcon;
				INFOPLIST_KEY_CFBundleDisplayName = "Xbox";
				INFOPLIST_KEY_GCSupportsControllerUserInteraction = NO;
				INFOPLIST_KEY_UIApplicationSceneManifest_Generation = YES;
				PRODUCT_BUNDLE_IDENTIFIER = "quetzalcoatl432.dev.klepton.target.xbox";
				PRODUCT_NAME = XboxPWA;
				SDKROOT = xros;
				SUPPORTED_PLATFORMS = "xros xrsimulator";
				ALWAYS_SEARCH_USER_PATHS = NO;
				SWIFT_VERSION = 5.0;
				TARGETED_DEVICE_FAMILY = 7;
				XROS_DEPLOYMENT_TARGET = 2.0;
			};
			name = Release;
		};
/* End XCBuildConfiguration section */

/* Begin XCConfigurationList section */
		XB0XCLP00000000000000000 /* Build configuration list for PBXProject */ = {
			isa = XCConfigurationList;
			buildConfigurations = (
				XB0XCPD00000000000000000,
				XB0XCPR00000000000000000,
			);
			defaultConfigurationIsVisible = 0;
			defaultConfigurationName = Debug;
		};
		XB0XCLT00000000000000000 /* Build configuration list for PBXNativeTarget */ = {
			isa = XCConfigurationList;
			buildConfigurations = (
				XB0XCTD00000000000000000,
				XB0XCTR00000000000000000,
			);
			defaultConfigurationIsVisible = 0;
			defaultConfigurationName = Debug;
		};
/* End XCConfigurationList section */
	};
	rootObject = XB0XPROJ0000000000000000;
}
